
Microsoft Visual Studio Solution File, Format Version 12.00
# Visual Studio Version 17
VisualStudioVersion = 17.5.002.0
MinimumVisualStudioVersion = 10.0.40219.1
Project("{9A19103F-16F7-4668-BE54-9A1E7A4F7556}") = "Protocols", "Protocols.csproj", "{533C0DCB-D33F-48F1-AD47-CFD926846519}"
EndProject
Global
	GlobalSection(SolutionConfigurationPlatforms) = preSolution
		Debug|Any CPU = Debug|Any CPU
		Release|Any CPU = Release|Any CPU
	EndGlobalSection
	GlobalSection(ProjectConfigurationPlatforms) = postSolution
		{533C0DCB-D33F-48F1-AD47-CFD926846519}.Debug|Any CPU.ActiveCfg = Debug|Any CPU
		{533C0DCB-D33F-48F1-AD47-CFD926846519}.Debug|Any CPU.Build.0 = Debug|Any CPU
		{533C0DCB-D33F-48F1-AD47-CFD926846519}.Release|Any CPU.ActiveCfg = Release|Any CPU
		{533C0DCB-D33F-48F1-AD47-CFD926846519}.Release|Any CPU.Build.0 = Release|Any CPU
	EndGlobalSection
	GlobalSection(SolutionProperties) = preSolution
		HideSolutionNode = FALSE
	EndGlobalSection
	GlobalSection(ExtensibilityGlobals) = postSolution
		SolutionGuid = {F0D47A83-0FCE-43BC-824C-C2120AAAB7A7}
	EndGlobalSection
EndGlobal
